
Microsoft Visual Studio Solution File, Format Version 12.00
# Visual Studio Version 17
VisualStudioVersion = 17.3.32825.248
MinimumVisualStudioVersion = 10.0.40219.1
Project("{FAE04EC0-301F-11D3-BF4B-00C04F79EFBC}") = "Business", "Business\Business.csproj", "{0DF18B3F-B2ED-4E2D-895F-17C9A0ECED4E}"
EndProject
Project("{FAE04EC0-301F-11D3-BF4B-00C04F79EFBC}") = "Core", "Core\Core.csproj", "{4A959529-3404-4A58-BF70-FDE29F140882}"
EndProject
Project("{FAE04EC0-301F-11D3-BF4B-00C04F79EFBC}") = "DataAccess", "DataAccess\DataAccess.csproj", "{CEAFC955-9F48-4D0E-B7AE-1B70ABDBF248}"
EndProject
Project("{FAE04EC0-301F-11D3-BF4B-00C04F79EFBC}") = "Entities", "Entities\Entities.csproj", "{54A5A42E-7E91-4841-9E0D-826C4FE134B9}"
EndProject
Project("{FAE04EC0-301F-11D3-BF4B-00C04F79EFBC}") = "WebAPI", "WebAPI\WebAPI.csproj", "{9F5ADCCA-EA1E-42A7-B8B9-1068E51CB408}"
EndProject
Global
	GlobalSection(SolutionConfigurationPlatforms) = preSolution
		Debug|Any CPU = Debug|Any CPU
		Release|Any CPU = Release|Any CPU
	EndGlobalSection
	GlobalSection(ProjectConfigurationPlatforms) = postSolution
		{0DF18B3F-B2ED-4E2D-895F-17C9A0ECED4E}.Debug|Any CPU.ActiveCfg = Debug|Any CPU
		{0DF18B3F-B2ED-4E2D-895F-17C9A0ECED4E}.Debug|Any CPU.Build.0 = Debug|Any CPU
		{0DF18B3F-B2ED-4E2D-895F-17C9A0ECED4E}.Release|Any CPU.ActiveCfg = Release|Any CPU
		{0DF18B3F-B2ED-4E2D-895F-17C9A0ECED4E}.Release|Any CPU.Build.0 = Release|Any CPU
		{4A959529-3404-4A58-BF70-FDE29F140882}.Debug|Any CPU.ActiveCfg = Debug|Any CPU
		{4A959529-3404-4A58-BF70-FDE29F140882}.Debug|Any CPU.Build.0 = Debug|Any CPU
		{4A959529-3404-4A58-BF70-FDE29F140882}.Release|Any CPU.ActiveCfg = Release|Any CPU
		{4A959529-3404-4A58-BF70-FDE29F140882}.Release|Any CPU.Build.0 = Release|Any CPU
		{CEAFC955-9F48-4D0E-B7AE-1B70ABDBF248}.Debug|Any CPU.ActiveCfg = Debug|Any CPU
		{CEAFC955-9F48-4D0E-B7AE-1B70ABDBF248}.Debug|Any CPU.Build.0 = Debug|Any CPU
		{CEAFC955-9F48-4D0E-B7AE-1B70ABDBF248}.Release|Any CPU.ActiveCfg = Release|Any CPU
		{CEAFC955-9F48-4D0E-B7AE-1B70ABDBF248}.Release|Any CPU.Build.0 = Release|Any CPU
		{54A5A42E-7E91-4841-9E0D-826C4FE134B9}.Debug|Any CPU.ActiveCfg = Debug|Any CPU
		{54A5A42E-7E91-4841-9E0D-826C4FE134B9}.Debug|Any CPU.Build.0 = Debug|Any CPU
		{54A5A42E-7E91-4841-9E0D-826C4FE134B9}.Release|Any CPU.ActiveCfg = Release|Any CPU
		{54A5A42E-7E91-4841-9E0D-826C4FE134B9}.Release|Any CPU.Build.0 = Release|Any CPU
		{9F5ADCCA-EA1E-42A7-B8B9-1068E51CB408}.Debug|Any CPU.ActiveCfg = Debug|Any CPU
		{9F5ADCCA-EA1E-42A7-B8B9-1068E51CB408}.Debug|Any CPU.Build.0 = Debug|Any CPU
		{9F5ADCCA-EA1E-42A7-B8B9-1068E51CB408}.Release|Any CPU.ActiveCfg = Release|Any CPU
		{9F5ADCCA-EA1E-42A7-B8B9-1068E51CB408}.Release|Any CPU.Build.0 = Release|Any CPU
	EndGlobalSection
	GlobalSection(SolutionProperties) = preSolution
		HideSolutionNode = FALSE
	EndGlobalSection
	GlobalSection(ExtensibilityGlobals) = postSolution
		SolutionGuid = {91625EA2-61A0-4DDB-A33B-11835186B5A2}
	EndGlobalSection
EndGlobal
